
Microsoft Visual Studio Solution File, Format Version 12.00
# Visual Studio Version 18
VisualStudioVersion = 18.3.11206.111 d18.3
MinimumVisualStudioVersion = 10.0.40219.1
Project("{FAE04EC0-301F-11D3-BF4B-00C04F79EFBC}") = "MyTestBrotli", "MyTestBrotli.csproj", "{FAB36310-F255-483F-88C1-5D87BA1C9A57}"
EndProject
Project("{FAE04EC0-301F-11D3-BF4B-00C04F79EFBC}") = "BrotliLib", "..\BrotliLib\BrotliLib.csproj", "{BAFFA291-E5D8-4640-B569-933F86BA224D}"
EndProject
Global
	GlobalSection(SolutionConfigurationPlatforms) = preSolution
		Debug|Any CPU = Debug|Any CPU
		Debug|x64 = Debug|x64
		Release|Any CPU = Release|Any CPU
		Release|x64 = Release|x64
	EndGlobalSection
	GlobalSection(ProjectConfigurationPlatforms) = postSolution
		{FAB36310-F255-483F-88C1-5D87BA1C9A57}.Debug|Any CPU.ActiveCfg = Debug|Any CPU
		{FAB36310-F255-483F-88C1-5D87BA1C9A57}.Debug|Any CPU.Build.0 = Debug|Any CPU
		{FAB36310-F255-483F-88C1-5D87BA1C9A57}.Debug|x64.ActiveCfg = Debug|x64
		{FAB36310-F255-483F-88C1-5D87BA1C9A57}.Debug|x64.Build.0 = Debug|x64
		{FAB36310-F255-483F-88C1-5D87BA1C9A57}.Release|Any CPU.ActiveCfg = Release|Any CPU
		{FAB36310-F255-483F-88C1-5D87BA1C9A57}.Release|Any CPU.Build.0 = Release|Any CPU
		{FAB36310-F255-483F-88C1-5D87BA1C9A57}.Release|x64.ActiveCfg = Release|x64
		{FAB36310-F255-483F-88C1-5D87BA1C9A57}.Release|x64.Build.0 = Release|x64
		{BAFFA291-E5D8-4640-B569-933F86BA224D}.Debug|Any CPU.ActiveCfg = Debug|Any CPU
		{BAFFA291-E5D8-4640-B569-933F86BA224D}.Debug|Any CPU.Build.0 = Debug|Any CPU
		{BAFFA291-E5D8-4640-B569-933F86BA224D}.Debug|x64.ActiveCfg = Debug|x64
		{BAFFA291-E5D8-4640-B569-933F86BA224D}.Debug|x64.Build.0 = Debug|x64
		{BAFFA291-E5D8-4640-B569-933F86BA224D}.Release|Any CPU.ActiveCfg = Release|Any CPU
		{BAFFA291-E5D8-4640-B569-933F86BA224D}.Release|Any CPU.Build.0 = Release|Any CPU
		{BAFFA291-E5D8-4640-B569-933F86BA224D}.Release|x64.ActiveCfg = Release|x64
		{BAFFA291-E5D8-4640-B569-933F86BA224D}.Release|x64.Build.0 = Release|x64
	EndGlobalSection
	GlobalSection(SolutionProperties) = preSolution
		HideSolutionNode = FALSE
	EndGlobalSection
	GlobalSection(ExtensibilityGlobals) = postSolution
		SolutionGuid = {3B59FA40-C12B-4640-A5CB-453655DDF666}
	EndGlobalSection
EndGlobal
